
Microsoft Visual Studio Solution File, Format Version 12.00
# Visual Studio 15
VisualStudioVersion = 15.0.28010.2041
MinimumVisualStudioVersion = 10.0.40219.1
Project("{8BC9CEB8-8B4A-11D0-8D11-00A0C91BC942}") = "TCPCLIENT", "TCPCLIENT\TCPCLIENT.vcxproj", "{5003A22E-A50F-422A-A103-990306753F4E}"
EndProject
Global
	GlobalSection(SolutionConfigurationPlatforms) = preSolution
		Debug|x64 = Debug|x64
		Debug|x86 = Debug|x86
		Release|x64 = Release|x64
		Release|x86 = Release|x86
	EndGlobalSection
	GlobalSection(ProjectConfigurationPlatforms) = postSolution
		{5003A22E-A50F-422A-A103-990306753F4E}.Debug|x64.ActiveCfg = Debug|x64
		{5003A22E-A50F-422A-A103-990306753F4E}.Debug|x64.Build.0 = Debug|x64
		{5003A22E-A50F-422A-A103-990306753F4E}.Debug|x86.ActiveCfg = Debug|Win32
		{5003A22E-A50F-422A-A103-990306753F4E}.Debug|x86.Build.0 = Debug|Win32
		{5003A22E-A50F-422A-A103-990306753F4E}.Release|x64.ActiveCfg = Release|x64
		{5003A22E-A50F-422A-A103-990306753F4E}.Release|x64.Build.0 = Release|x64
		{5003A22E-A50F-422A-A103-990306753F4E}.Release|x86.ActiveCfg = Release|Win32
		{5003A22E-A50F-422A-A103-990306753F4E}.Release|x86.Build.0 = Release|Win32
	EndGlobalSection
	GlobalSection(SolutionProperties) = preSolution
		HideSolutionNode = FALSE
	EndGlobalSection
	GlobalSection(ExtensibilityGlobals) = postSolution
		SolutionGuid = {2499E370-6CB0-43AA-82A8-864F0E19D48E}
	EndGlobalSection
EndGlobal
